
Microsoft Visual Studio Solution File, Format Version 12.00
# Visual Studio Version 17
VisualStudioVersion = 17.14.36429.23 d17.14
MinimumVisualStudioVersion = 10.0.40219.1
Project("{FAE04EC0-301F-11D3-BF4B-00C04F79EFBC}") = "TTNT_GUI", "TTNT_GUI\TTNT_GUI.csproj", "{EB71D8F3-EAE9-483D-A99A-1A9BDDCB222E}"
EndProject
Project("{FAE04EC0-301F-11D3-BF4B-00C04F79EFBC}") = "TTNT_BUS", "TTNT_BUS\TTNT_BUS.csproj", "{97DF8E4F-2B43-40BE-98B5-86D2E158C844}"
EndProject
Project("{FAE04EC0-301F-11D3-BF4B-00C04F79EFBC}") = "TTNT_DAL", "TTNT_DAL\TTNT_DAL.csproj", "{1C511CD5-9A4D-4EE4-BADE-A75044BB37CF}"
EndProject
Global
	GlobalSection(SolutionConfigurationPlatforms) = preSolution
		Debug|Any CPU = Debug|Any CPU
		Release|Any CPU = Release|Any CPU
	EndGlobalSection
	GlobalSection(ProjectConfigurationPlatforms) = postSolution
		{EB71D8F3-EAE9-483D-A99A-1A9BDDCB222E}.Debug|Any CPU.ActiveCfg = Debug|Any CPU
		{EB71D8F3-EAE9-483D-A99A-1A9BDDCB222E}.Debug|Any CPU.Build.0 = Debug|Any CPU
		{EB71D8F3-EAE9-483D-A99A-1A9BDDCB222E}.Release|Any CPU.ActiveCfg = Release|Any CPU
		{EB71D8F3-EAE9-483D-A99A-1A9BDDCB222E}.Release|Any CPU.Build.0 = Release|Any CPU
		{97DF8E4F-2B43-40BE-98B5-86D2E158C844}.Debug|Any CPU.ActiveCfg = Debug|Any CPU
		{97DF8E4F-2B43-40BE-98B5-86D2E158C844}.Debug|Any CPU.Build.0 = Debug|Any CPU
		{97DF8E4F-2B43-40BE-98B5-86D2E158C844}.Release|Any CPU.ActiveCfg = Release|Any CPU
		{97DF8E4F-2B43-40BE-98B5-86D2E158C844}.Release|Any CPU.Build.0 = Release|Any CPU
		{1C511CD5-9A4D-4EE4-BADE-A75044BB37CF}.Debug|Any CPU.ActiveCfg = Debug|Any CPU
		{1C511CD5-9A4D-4EE4-BADE-A75044BB37CF}.Debug|Any CPU.Build.0 = Debug|Any CPU
		{1C511CD5-9A4D-4EE4-BADE-A75044BB37CF}.Release|Any CPU.ActiveCfg = Release|Any CPU
		{1C511CD5-9A4D-4EE4-BADE-A75044BB37CF}.Release|Any CPU.Build.0 = Release|Any CPU
	EndGlobalSection
	GlobalSection(SolutionProperties) = preSolution
		HideSolutionNode = FALSE
	EndGlobalSection
	GlobalSection(ExtensibilityGlobals) = postSolution
		SolutionGuid = {A3761A00-562F-4C10-A679-D88E220A724B}
	EndGlobalSection
EndGlobal
